// !$*UTF8*$!
{
	archiveVersion = 1;
	classes = {
	};
	objectVersion = 48;
	objects = {

/* Begin PBXBuildFile section */
		4BACCA591FF2122500759E9F /* AppDelegate.swift in Sources */ = {isa = PBXBuildFile; fileRef = 4BACCA581FF2122500759E9F /* AppDelegate.swift */; };
		4BACCA5B1FF2122500759E9F /* ViewController.swift in Sources */ = {isa = PBXBuildFile; fileRef = 4BACCA5A1FF2122500759E9F /* ViewController.swift */; };
		4BACCA5E1FF2122500759E9F /* Main.storyboard in Resources */ = {isa = PBXBuildFile; fileRef = 4BACCA5C1FF2122500759E9F /* Main.storyboard */; };
		4BACCA601FF2122500759E9F /* Assets.xcassets in Resources */ = {isa = PBXBuildFile; fileRef = 4BACCA5F1FF2122500759E9F /* Assets.xcassets */; };
		4BACCA631FF2122500759E9F /* LaunchScreen.storyboard in Resources */ = {isa = PBXBuildFile; fileRef = 4BACCA611FF2122500759E9F /* LaunchScreen.storyboard */; };
		4BACCA6B1FF212C400759E9F /* ViewToFill.swift in Sources */ = {isa = PBXBuildFile; fileRef = 4BACCA6A1FF212C400759E9F /* ViewToFill.swift */; };
/* End PBXBuildFile section */

/* Begin PBXFileReference section */
		4BACCA551FF2122500759E9F /* FillViewWithColor.app */ = {isa = PBXFileReference; explicitFileType = wrapper.application; includeInIndex = 0; path = FillViewWithColor.app; sourceTree = BUILT_PRODUCTS_DIR; };
		4BACCA581FF2122500759E9F /* AppDelegate.swift */ = {isa = PBXFileReference; lastKnownFileType = sourcecode.swift; path = AppDelegate.swift; sourceTree = "<group>"; };
		4BACCA5A1FF2122500759E9F /* ViewController.swift */ = {isa = PBXFileReference; lastKnownFileType = sourcecode.swift; path = ViewController.swift; sourceTree = "<group>"; };
		4BACCA5D1FF2122500759E9F /* Base */ = {isa = PBXFileReference; lastKnownFileType = file.storyboard; name = Base; path = Base.lproj/Main.storyboard; sourceTree = "<group>"; };
		4BACCA5F1FF2122500759E9F /* Assets.xcassets */ = {isa = PBXFileReference; lastKnownFileType = folder.assetcatalog; path = Assets.xcassets; sourceTree = "<group>"; };
		4BACCA621FF2122500759E9F /* Base */ = {isa = PBXFileReference; lastKnownFileType = file.storyboard; name = Base; path = Base.lproj/LaunchScreen.storyboard; sourceTree = "<group>"; };
		4BACCA641FF2122500759E9F /* Info.plist */ = {isa = PBXFileReference; lastKnownFileType = text.plist.xml; path = Info.plist; sourceTree = "<group>"; };
		4BACCA6A1FF212C400759E9F /* ViewToFill.swift */ = {isa = PBXFileReference; lastKnownFileType = sourcecode.swift; path = ViewToFill.swift; sourceTree = "<group>"; };
/* End PBXFileReference section */

/* Begin PBXFrameworksBuildPhase section */
		4BACCA521FF2122500759E9F /* Frameworks */ = {
			isa = PBXFrameworksBuildPhase;
			buildActionMask = 2147483647;
			files = (
			);
			runOnlyForDeploymentPostprocessing = 0;
		};
/* End PBXFrameworksBuildPhase section */

/* Begin PBXGroup section */
		4BACCA4C1FF2122500759E9F = {
			isa = PBXGroup;
			children = (
				4BACCA571FF2122500759E9F /* FillViewWithColor */,
				4BACCA561FF2122500759E9F /* Products */,
			);
			sourceTree = "<group>";
		};
		4BACCA561FF2122500759E9F /* Products */ = {
			isa = PBXGroup;
			children = (
				4BACCA551FF2122500759E9F /* FillViewWithColor.app */,
			);
			name = Products;
			sourceTree = "<group>";
		};
		4BACCA571FF2122500759E9F /* FillViewWithColor */ = {
			isa = PBXGroup;
			children = (
				4BACCA581FF2122500759E9F /* AppDelegate.swift */,
				4BACCA5A1FF2122500759E9F /* ViewController.swift */,
				4BACCA5C1FF2122500759E9F /* Main.storyboard */,
				4BACCA6A1FF212C400759E9F /* ViewToFill.swift */,
				4BACCA5F1FF2122500759E9F /* Assets.xcassets */,
				4BACCA611FF2122500759E9F /* LaunchScreen.storyboard */,
				4BACCA641FF2122500759E9F /* Info.plist */,
			);
			path = FillViewWithColor;
			sourceTree = "<group>";
		};
/* End PBXGroup section */

/* Begin PBXNativeTarget section */
		4BACCA541FF2122500759E9F /* FillViewWithColor */ = {
			isa = PBXNativeTarget;
			buildConfigurationList = 4BACCA671FF2122500759E9F /* Build configuration list for PBXNativeTarget "FillViewWithColor" */;
			buildPhases = (
				4BACCA511FF2122500759E9F /* Sources */,
				4BACCA521FF2122500759E9F /* Frameworks */,
				4BACCA531FF2122500759E9F /* Resources */,
			);
			buildRules = (
			);
			dependencies = (
			);
			name = FillViewWithColor;
			productName = FillViewWithColor;
			productReference = 4BACCA551FF2122500759E9F /* FillViewWithColor.app */;
			productType = "com.apple.product-type.application";
		};
/* End PBXNativeTarget section */

/* Begin PBXProject section */
		4BACCA4D1FF2122500759E9F /* Project object */ = {
			isa = PBXProject;
			attributes = {
				LastSwiftUpdateCheck = 0920;
				LastUpgradeCheck = 0920;
				ORGANIZATIONNAME = "Nitin Bhatia";
				TargetAttributes = {
					4BACCA541FF2122500759E9F = {
						CreatedOnToolsVersion = 9.2;
						ProvisioningStyle = Automatic;
					};
				};
			};
			buildConfigurationList = 4BACCA501FF2122500759E9F /* Build configuration list for PBXProject "FillViewWithColor" */;
			compatibilityVersion = "Xcode 8.0";
			developmentRegion = en;
			hasScannedForEncodings = 0;
			knownRegions = (
				en,
				Base,
			);
			mainGroup = 4BACCA4C1FF2122500759E9F;
			productRefGroup = 4BACCA561FF2122500759E9F /* Products */;
			projectDirPath = "";
			projectRoot = "";
			targets = (
				4BACCA541FF2122500759E9F /* FillViewWithColor */,
			);
		};
/* End PBXProject section */

/* Begin PBXResourcesBuildPhase section */
		4BACCA531FF2122500759E9F /* Resources */ = {
			isa = PBXResourcesBuildPhase;
			buildActionMask = 2147483647;
			files = (
				4BACCA631FF2122500759E9F /* LaunchScreen.storyboard in Resources */,
				4BACCA601FF2122500759E9F /* Assets.xcassets in Resources */,
				4BACCA5E1FF2122500759E9F /* Main.storyboard in Resources */,
			);
			runOnlyForDeploymentPostprocessing = 0;
		};
/* End PBXResourcesBuildPhase section */

/* Begin PBXSourcesBuildPhase section */
		4BACCA511FF2122500759E9F /* Sources */ = {
			isa = PBXSourcesBuildPhase;
			buildActionMask = 2147483647;
			files = (
				4BACCA6B1FF212C400759E9F /* ViewToFill.swift in Sources */,
				4BACCA5B1FF2122500759E9F /* ViewController.swift in Sources */,
				4BACCA591FF2122500759E9F /* AppDelegate.swift in Sources */,
			);
			runOnlyForDeploymentPostprocessing = 0;
		};
/* End PBXSourcesBuildPhase section */

/* Begin PBXVariantGroup section */
		4BACCA5C1FF2122500759E9F /* Main.storyboard */ = {
			isa = PBXVariantGroup;
			children = (
				4BACCA5D1FF2122500759E9F /* Base */,
			);
			name = Main.storyboard;
			sourceTree = "<group>";
		};
		4BACCA611FF2122500759E9F /* LaunchScreen.storyboard */ = {
			isa = PBXVariantGroup;
			children = (
				4BACCA621FF2122500759E9F /* Base */,
			);
			name = LaunchScreen.storyboard;
			sourceTree = "<group>";
		};
/* End PBXVariantGroup section */

/* Begin XCBuildConfiguration section */
		4BACCA651FF2122500759E9F /* Debug */ = {
			isa = XCBuildConfiguration;
			buildSettings = {
				ALWAYS_SEARCH_USER_PATHS = NO;
				CLANG_ANALYZER_NONNULL = YES;
				CLANG_ANALYZER_NUMBER_OBJECT_CONVERSION = YES_AGGRESSIVE;
				CLANG_CXX_LANGUAGE_STANDARD = "gnu++14";
				CLANG_CXX_LIBRARY = "libc++";
				CLANG_ENABLE_MODULES = YES;
				CLANG_ENABLE_OBJC_ARC = YES;
				CLANG_WARN_BLOCK_CAPTURE_AUTORELEASING = YES;
				CLANG_WARN_BOOL_CONVERSION = YES;
				CLANG_WARN_COMMA = YES;
				CLANG_WARN_CONSTANT_CONVERSION = YES;
				CLANG_WARN_DIRECT_OBJC_ISA_USAGE = YES_ERROR;
				CLANG_WARN_DOCUMENTATION_COMMENTS = YES;
				CLANG_WARN_EMPTY_BODY = YES;
				CLANG_WARN_ENUM_CONVERSION = YES;
				CLANG_WARN_INFINITE_RECURSION = YES;
				CLANG_WARN_INT_CONVERSION = YES;
				CLANG_WARN_NON_LITERAL_NULL_CONVERSION = YES;
				CLANG_WARN_OBJC_LITERAL_CONVERSION = YES;
				CLANG_WARN_OBJC_ROOT_CLASS = YES_ERROR;
				CLANG_WARN_RANGE_LOOP_ANALYSIS = YES;
				CLANG_WARN_STRICT_PROTOTYPES = YES;
				CLANG_WARN_SUSPICIOUS_MOVE = YES;
				CLANG_WARN_UNGUARDED_AVAILABILITY = YES_AGGRESSIVE;
				CLANG_WARN_UNREACHABLE_CODE = YES;
				CLANG_WARN__DUPLICATE_METHOD_MATCH = YES;
				CODE_SIGN_IDENTITY = "iPhone Developer";
				COPY_PHASE_STRIP = NO;
				DEBUG_INFORMATION_FORMAT = dwarf;
				ENABLE_STRICT_OBJC_MSGSEND = YES;
				ENABLE_TESTABILITY = YES;
				GCC_C_LANGUAGE_STANDARD = gnu11;
				GCC_DYNAMIC_NO_PIC = NO;
				GCC_NO_COMMON_BLOCKS = YES;
				GCC_OPTIMIZATION_LEVEL = 0;
				GCC_PREPROCESSOR_DEFINITIONS = (
					"DEBUG=1",
					"$(inherited)",
				);
				GCC_WARN_64_TO_32_BIT_CONVERSION = YES;
				GCC_WARN_ABOUT_RETURN_TYPE = YES_ERROR;
				GCC_WARN_UNDECLARED_SELECTOR = YES;
				GCC_WARN_UNINITIALIZED_AUTOS = YES_AGGRESSIVE;
				GCC_WARN_UNUSED_FUNCTION = YES;
				GCC_WARN_UNUSED_VARIABLE = YES;
				IPHONEOS_DEPLOYMENT_TARGET = 11.2;
				MTL_ENABLE_DEBUG_INFO = YES;
				ONLY_ACTIVE_ARCH = YES;
				SDKROOT = iphoneos;
				SWIFT_ACTIVE_COMPILATION_CONDITIONS = DEBUG;
				SWIFT_OPTIMIZATION_LEVEL = "-Onone";
			};
			name = Debug;
		};
		4BACCA661FF2122500759E9F /* Release */ = {
			isa = XCBuildConfiguration;
			buildSettings = {
				ALWAYS_SEARCH_USER_PATHS = NO;
				CLANG_ANALYZER_NONNULL = YES;
				CLANG_ANALYZER_NUMBER_OBJECT_CONVERSION = YES_AGGRESSIVE;
				CLANG_CXX_LANGUAGE_STANDARD = "gnu++14";
				CLANG_CXX_LIBRARY = "libc++";
				CLANG_ENABLE_MODULES = YES;
				CLANG_ENABLE_OBJC_ARC = YES;
				CLANG_WARN_BLOCK_CAPTURE_AUTORELEASING = YES;
				CLANG_WARN_BOOL_CONVERSION = YES;
				CLANG_WARN_COMMA = YES;
				CLANG_WARN_CONSTANT_CONVERSION = YES;
				CLANG_WARN_DIRECT_OBJC_ISA_USAGE = YES_ERROR;
				CLANG_WARN_DOCUMENTATION_COMMENTS = YES;
				CLANG_WARN_EMPTY_BODY = YES;
				CLANG_WARN_ENUM_CONVERSION = YES;
				CLANG_WARN_INFINITE_RECURSION = YES;
				CLANG_WARN_INT_CONVERSION = YES;
				CLANG_WARN_NON_LITERAL_NULL_CONVERSION = YES;
				CLANG_WARN_OBJC_LITERAL_CONVERSION = YES;
				CLANG_WARN_OBJC_ROOT_CLASS = YES_ERROR;
				CLANG_WARN_RANGE_LOOP_ANALYSIS = YES;
				CLANG_WARN_STRICT_PROTOTYPES = YES;
				CLANG_WARN_SUSPICIOUS_MOVE = YES;
				CLANG_WARN_UNGUARDED_AVAILABILITY = YES_AGGRESSIVE;
				CLANG_WARN_UNREACHABLE_CODE = YES;
				CLANG_WARN__DUPLICATE_METHOD_MATCH = YES;
				CODE_SIGN_IDENTITY = "iPhone Developer";
				COPY_PHASE_STRIP = NO;
				DEBUG_INFORMATION_FORMAT = "dwarf-with-dsym";
				ENABLE_NS_ASSERTIONS = NO;
				ENABLE_STRICT_OBJC_MSGSEND = YES;
				GCC_C_LANGUAGE_STANDARD = gnu11;
				GCC_NO_COMMON_BLOCKS = YES;
				GCC_WARN_64_TO_32_BIT_CONVERSION = YES;
				GCC_WARN_ABOUT_RETURN_TYPE = YES_ERROR;
				GCC_WARN_UNDECLARED_SELECTOR = YES;
				GCC_WARN_UNINITIALIZED_AUTOS = YES_AGGRESSIVE;
				GCC_WARN_UNUSED_FUNCTION = YES;
				GCC_WARN_UNUSED_VARIABLE = YES;
				IPHONEOS_DEPLOYMENT_TARGET = 11.2;
				MTL_ENABLE_DEBUG_INFO = NO;
				SDKROOT = iphoneos;
				SWIFT_OPTIMIZATION_LEVEL = "-Owholemodule";
				VALIDATE_PRODUCT = YES;
			};
			name = Release;
		};
		4BACCA681FF2122500759E9F /* Debug */ = {
			isa = XCBuildConfiguration;
			buildSettings = {
				ASSETCATALOG_COMPILER_APPICON_NAME = AppIcon;
				CODE_SIGN_STYLE = Automatic;
				DEVELOPMENT_TEAM = SF78HV8BZS;
				INFOPLIST_FILE = FillViewWithColor/Info.plist;
				IPHONEOS_DEPLOYMENT_TARGET = 10.0;
				LD_RUNPATH_SEARCH_PATHS = "$(inherited) @executable_path/Frameworks";
				PRODUCT_BUNDLE_IDENTIFIER = com.demo.FillViewWithColor;
				PRODUCT_NAME = "$(TARGET_NAME)";
				SWIFT_VERSION = 4.0;
				TARGETED_DEVICE_FAMILY = "1,2";
			};
			name = Debug;
		};
		4BACCA691FF2122500759E9F /* Release */ = {
			isa = XCBuildConfiguration;
			buildSettings = {
				ASSETCATALOG_COMPILER_APPICON_NAME = AppIcon;
				CODE_SIGN_STYLE = Automatic;
				DEVELOPMENT_TEAM = SF78HV8BZS;
				INFOPLIST_FILE = FillViewWithColor/Info.plist;
				IPHONEOS_DEPLOYMENT_TARGET = 10.0;
				LD_RUNPATH_SEARCH_PATHS = "$(inherited) @executable_path/Frameworks";
				PRODUCT_BUNDLE_IDENTIFIER = com.demo.FillViewWithColor;
				PRODUCT_NAME = "$(TARGET_NAME)";
				SWIFT_VERSION = 4.0;
				TARGETED_DEVICE_FAMILY = "1,2";
			};
			name = Release;
		};
/* End XCBuildConfiguration section */

/* Begin XCConfigurationList section */
		4BACCA501FF2122500759E9F /* Build configuration list for PBXProject "FillViewWithColor" */ = {
			isa = XCConfigurationList;
			buildConfigurations = (
				4BACCA651FF2122500759E9F /* Debug */,
				4BACCA661FF2122500759E9F /* Release */,
			);
			defaultConfigurationIsVisible = 0;
			defaultConfigurationName = Release;
		};
		4BACCA671FF2122500759E9F /* Build configuration list for PBXNativeTarget "FillViewWithColor" */ = {
			isa = XCConfigurationList;
			buildConfigurations = (
				4BACCA681FF2122500759E9F /* Debug */,
				4BACCA691FF2122500759E9F /* Release */,
			);
			defaultConfigurationIsVisible = 0;
			defaultConfigurationName = Release;
		};
/* End XCConfigurationList section */
	};
	rootObject = 4BACCA4D1FF2122500759E9F /* Project object */;
}
